// !$*UTF8*$!
{
	archiveVersion = 1;
	classes = {
	};
	objectVersion = 46;
	objects = {

/* Begin PBXBuildFile section */
		070625CE1CC4F03B00974AB4 /* main.m in Sources */ = {isa = PBXBuildFile; fileRef = 070625CD1CC4F03B00974AB4 /* main.m */; };
		070625D11CC4F03B00974AB4 /* AppDelegate.m in Sources */ = {isa = PBXBuildFile; fileRef = 070625D01CC4F03B00974AB4 /* AppDelegate.m */; };
		070625D41CC4F03B00974AB4 /* ViewController.m in Sources */ = {isa = PBXBuildFile; fileRef = 070625D31CC4F03B00974AB4 /* ViewController.m */; };
		070625D71CC4F03B00974AB4 /* Main.storyboard in Resources */ = {isa = PBXBuildFile; fileRef = 070625D51CC4F03B00974AB4 /* Main.storyboard */; };
		070625D91CC4F03B00974AB4 /* Assets.xcassets in Resources */ = {isa = PBXBuildFile; fileRef = 070625D81CC4F03B00974AB4 /* Assets.xcassets */; };
		070625DC1CC4F03B00974AB4 /* LaunchScreen.storyboard in Resources */ = {isa = PBXBuildFile; fileRef = 070625DA1CC4F03B00974AB4 /* LaunchScreen.storyboard */; };
		070625E71CC4F03B00974AB4 /* ProjectTests.m in Sources */ = {isa = PBXBuildFile; fileRef = 070625E61CC4F03B00974AB4 /* ProjectTests.m */; };
		071FD1291D9AADFE00FA1BFF /* all_currencies_rates.json in Resources */ = {isa = PBXBuildFile; fileRef = 071FD0F61D9AADFE00FA1BFF /* all_currencies_rates.json */; };
		071FD12A1D9AADFE00FA1BFF /* airports.json in Resources */ = {isa = PBXBuildFile; fileRef = 071FD0F71D9AADFE00FA1BFF /* airports.json */; };
		076FAB4E1D37C9830044FEF2 /* AviasalesSDK.framework in Frameworks */ = {isa = PBXBuildFile; fileRef = 076FAB4C1D37C9830044FEF2 /* AviasalesSDK.framework */; };
/* End PBXBuildFile section */

/* Begin PBXContainerItemProxy section */
		070625E31CC4F03B00974AB4 /* PBXContainerItemProxy */ = {
			isa = PBXContainerItemProxy;
			containerPortal = 070625C11CC4F03B00974AB4 /* Project object */;
			proxyType = 1;
			remoteGlobalIDString = 070625C81CC4F03B00974AB4;
			remoteInfo = Project;
		};
/* End PBXContainerItemProxy section */

/* Begin PBXCopyFilesBuildPhase section */
		07C31E601CC4F07400F77BED /* Embed Frameworks */ = {
			isa = PBXCopyFilesBuildPhase;
			buildActionMask = 2147483647;
			dstPath = "";
			dstSubfolderSpec = 10;
			files = (
			);
			name = "Embed Frameworks";
			runOnlyForDeploymentPostprocessing = 0;
		};
/* End PBXCopyFilesBuildPhase section */

/* Begin PBXFileReference section */
		070625C91CC4F03B00974AB4 /* Project.app */ = {isa = PBXFileReference; explicitFileType = wrapper.application; includeInIndex = 0; path = Project.app; sourceTree = BUILT_PRODUCTS_DIR; };
		070625CD1CC4F03B00974AB4 /* main.m */ = {isa = PBXFileReference; lastKnownFileType = sourcecode.c.objc; path = main.m; sourceTree = "<group>"; };
		070625CF1CC4F03B00974AB4 /* AppDelegate.h */ = {isa = PBXFileReference; lastKnownFileType = sourcecode.c.h; path = AppDelegate.h; sourceTree = "<group>"; };
		070625D01CC4F03B00974AB4 /* AppDelegate.m */ = {isa = PBXFileReference; lastKnownFileType = sourcecode.c.objc; path = AppDelegate.m; sourceTree = "<group>"; };
		070625D21CC4F03B00974AB4 /* ViewController.h */ = {isa = PBXFileReference; lastKnownFileType = sourcecode.c.h; path = ViewController.h; sourceTree = "<group>"; };
		070625D31CC4F03B00974AB4 /* ViewController.m */ = {isa = PBXFileReference; lastKnownFileType = sourcecode.c.objc; path = ViewController.m; sourceTree = "<group>"; };
		070625D61CC4F03B00974AB4 /* Base */ = {isa = PBXFileReference; lastKnownFileType = file.storyboard; name = Base; path = Base.lproj/Main.storyboard; sourceTree = "<group>"; };
		070625D81CC4F03B00974AB4 /* Assets.xcassets */ = {isa = PBXFileReference; lastKnownFileType = folder.assetcatalog; path = Assets.xcassets; sourceTree = "<group>"; };
		070625DB1CC4F03B00974AB4 /* Base */ = {isa = PBXFileReference; lastKnownFileType = file.storyboard; name = Base; path = Base.lproj/LaunchScreen.storyboard; sourceTree = "<group>"; };
		070625DD1CC4F03B00974AB4 /* Info.plist */ = {isa = PBXFileReference; lastKnownFileType = text.plist.xml; path = Info.plist; sourceTree = "<group>"; };
		070625E21CC4F03B00974AB4 /* ProjectTests.xctest */ = {isa = PBXFileReference; explicitFileType = wrapper.cfbundle; includeInIndex = 0; path = ProjectTests.xctest; sourceTree = BUILT_PRODUCTS_DIR; };
		070625E61CC4F03B00974AB4 /* ProjectTests.m */ = {isa = PBXFileReference; lastKnownFileType = sourcecode.c.objc; path = ProjectTests.m; sourceTree = "<group>"; };
		070625E81CC4F03B00974AB4 /* Info.plist */ = {isa = PBXFileReference; lastKnownFileType = text.plist.xml; path = Info.plist; sourceTree = "<group>"; };
		071FD0F61D9AADFE00FA1BFF /* all_currencies_rates.json */ = {isa = PBXFileReference; fileEncoding = 4; lastKnownFileType = text.json; path = all_currencies_rates.json; sourceTree = "<group>"; };
		071FD0F81D9AADFE00FA1BFF /* da */ = {isa = PBXFileReference; lastKnownFileType = text.json; name = da; path = da.lproj/airports.json; sourceTree = "<group>"; };
		071FD0FB1D9AADFE00FA1BFF /* de */ = {isa = PBXFileReference; lastKnownFileType = text.json; name = de; path = de.lproj/airports.json; sourceTree = "<group>"; };
		071FD0FD1D9AADFE00FA1BFF /* el */ = {isa = PBXFileReference; lastKnownFileType = text.json; name = el; path = el.lproj/airports.json; sourceTree = "<group>"; };
		071FD0FF1D9AADFE00FA1BFF /* en */ = {isa = PBXFileReference; lastKnownFileType = text.json; name = en; path = en.lproj/airports.json; sourceTree = "<group>"; };
		071FD1011D9AADFE00FA1BFF /* es */ = {isa = PBXFileReference; lastKnownFileType = text.json; name = es; path = es.lproj/airports.json; sourceTree = "<group>"; };
		071FD1031D9AADFE00FA1BFF /* fi */ = {isa = PBXFileReference; lastKnownFileType = text.json; name = fi; path = fi.lproj/airports.json; sourceTree = "<group>"; };
		071FD1051D9AADFE00FA1BFF /* fr */ = {isa = PBXFileReference; lastKnownFileType = text.json; name = fr; path = fr.lproj/airports.json; sourceTree = "<group>"; };
		071FD1071D9AADFE00FA1BFF /* id */ = {isa = PBXFileReference; lastKnownFileType = text.json; name = id; path = id.lproj/airports.json; sourceTree = "<group>"; };
		071FD1091D9AADFE00FA1BFF /* it */ = {isa = PBXFileReference; lastKnownFileType = text.json; name = it; path = it.lproj/airports.json; sourceTree = "<group>"; };
		071FD10B1D9AADFE00FA1BFF /* ja */ = {isa = PBXFileReference; lastKnownFileType = text.json; name = ja; path = ja.lproj/airports.json; sourceTree = "<group>"; };
		071FD10D1D9AADFE00FA1BFF /* ko */ = {isa = PBXFileReference; lastKnownFileType = text.json; name = ko; path = ko.lproj/airports.json; sourceTree = "<group>"; };
		071FD10F1D9AADFE00FA1BFF /* ms */ = {isa = PBXFileReference; lastKnownFileType = text.json; name = ms; path = ms.lproj/airports.json; sourceTree = "<group>"; };
		071FD1111D9AADFE00FA1BFF /* nb */ = {isa = PBXFileReference; lastKnownFileType = text.json; name = nb; path = nb.lproj/airports.json; sourceTree = "<group>"; };
		071FD1131D9AADFE00FA1BFF /* nl */ = {isa = PBXFileReference; lastKnownFileType = text.json; name = nl; path = nl.lproj/airports.json; sourceTree = "<group>"; };
		071FD1151D9AADFE00FA1BFF /* pl */ = {isa = PBXFileReference; lastKnownFileType = text.json; name = pl; path = pl.lproj/airports.json; sourceTree = "<group>"; };
		071FD1171D9AADFE00FA1BFF /* pt-PT */ = {isa = PBXFileReference; lastKnownFileType = text.json; name = "pt-PT"; path = "pt-PT.lproj/airports.json"; sourceTree = "<group>"; };
		071FD1191D9AADFE00FA1BFF /* pt */ = {isa = PBXFileReference; lastKnownFileType = text.json; name = pt; path = pt.lproj/airports.json; sourceTree = "<group>"; };
		071FD11B1D9AADFE00FA1BFF /* ru */ = {isa = PBXFileReference; lastKnownFileType = text.json; name = ru; path = ru.lproj/airports.json; sourceTree = "<group>"; };
		071FD11D1D9AADFE00FA1BFF /* sv */ = {isa = PBXFileReference; lastKnownFileType = text.json; name = sv; path = sv.lproj/airports.json; sourceTree = "<group>"; };
		071FD11F1D9AADFE00FA1BFF /* th */ = {isa = PBXFileReference; lastKnownFileType = text.json; name = th; path = th.lproj/airports.json; sourceTree = "<group>"; };
		071FD1211D9AADFE00FA1BFF /* tr */ = {isa = PBXFileReference; lastKnownFileType = text.json; name = tr; path = tr.lproj/airports.json; sourceTree = "<group>"; };
		071FD1231D9AADFE00FA1BFF /* vi */ = {isa = PBXFileReference; lastKnownFileType = text.json; name = vi; path = vi.lproj/airports.json; sourceTree = "<group>"; };
		071FD1251D9AADFE00FA1BFF /* zh-Hans */ = {isa = PBXFileReference; lastKnownFileType = text.json; name = "zh-Hans"; path = "zh-Hans.lproj/airports.json"; sourceTree = "<group>"; };
		071FD1271D9AADFE00FA1BFF /* zh-Hant */ = {isa = PBXFileReference; lastKnownFileType = text.json; name = "zh-Hant"; path = "zh-Hant.lproj/airports.json"; sourceTree = "<group>"; };
		076FAB4C1D37C9830044FEF2 /* AviasalesSDK.framework */ = {isa = PBXFileReference; lastKnownFileType = wrapper.framework; path = AviasalesSDK.framework; sourceTree = "<group>"; };
/* End PBXFileReference section */

/* Begin PBXFrameworksBuildPhase section */
		070625C61CC4F03B00974AB4 /* Frameworks */ = {
			isa = PBXFrameworksBuildPhase;
			buildActionMask = 2147483647;
			files = (
				076FAB4E1D37C9830044FEF2 /* AviasalesSDK.framework in Frameworks */,
			);
			runOnlyForDeploymentPostprocessing = 0;
		};
		070625DF1CC4F03B00974AB4 /* Frameworks */ = {
			isa = PBXFrameworksBuildPhase;
			buildActionMask = 2147483647;
			files = (
			);
			runOnlyForDeploymentPostprocessing = 0;
		};
/* End PBXFrameworksBuildPhase section */

/* Begin PBXGroup section */
		070625C01CC4F03B00974AB4 = {
			isa = PBXGroup;
			children = (
				076FAB4B1D37C9830044FEF2 /* Library */,
				070625CB1CC4F03B00974AB4 /* Project */,
				070625E51CC4F03B00974AB4 /* ProjectTests */,
				070625CA1CC4F03B00974AB4 /* Products */,
			);
			sourceTree = "<group>";
		};
		070625CA1CC4F03B00974AB4 /* Products */ = {
			isa = PBXGroup;
			children = (
				070625C91CC4F03B00974AB4 /* Project.app */,
				070625E21CC4F03B00974AB4 /* ProjectTests.xctest */,
			);
			name = Products;
			sourceTree = "<group>";
		};
		070625CB1CC4F03B00974AB4 /* Project */ = {
			isa = PBXGroup;
			children = (
				070625CF1CC4F03B00974AB4 /* AppDelegate.h */,
				070625D01CC4F03B00974AB4 /* AppDelegate.m */,
				070625D21CC4F03B00974AB4 /* ViewController.h */,
				070625D31CC4F03B00974AB4 /* ViewController.m */,
				070625D51CC4F03B00974AB4 /* Main.storyboard */,
				070625D81CC4F03B00974AB4 /* Assets.xcassets */,
				070625DA1CC4F03B00974AB4 /* LaunchScreen.storyboard */,
				070625DD1CC4F03B00974AB4 /* Info.plist */,
				070625CC1CC4F03B00974AB4 /* Supporting Files */,
			);
			path = Project;
			sourceTree = "<group>";
		};
		070625CC1CC4F03B00974AB4 /* Supporting Files */ = {
			isa = PBXGroup;
			children = (
				070625CD1CC4F03B00974AB4 /* main.m */,
			);
			name = "Supporting Files";
			sourceTree = "<group>";
		};
		070625E51CC4F03B00974AB4 /* ProjectTests */ = {
			isa = PBXGroup;
			children = (
				070625E61CC4F03B00974AB4 /* ProjectTests.m */,
				070625E81CC4F03B00974AB4 /* Info.plist */,
			);
			path = ProjectTests;
			sourceTree = "<group>";
		};
		071FD0F51D9AADFE00FA1BFF /* Resources */ = {
			isa = PBXGroup;
			children = (
				071FD0F61D9AADFE00FA1BFF /* all_currencies_rates.json */,
				071FD0F71D9AADFE00FA1BFF /* airports.json */,
			);
			path = Resources;
			sourceTree = "<group>";
		};
		076FAB4B1D37C9830044FEF2 /* Library */ = {
			isa = PBXGroup;
			children = (
				071FD0F51D9AADFE00FA1BFF /* Resources */,
				076FAB4C1D37C9830044FEF2 /* AviasalesSDK.framework */,
			);
			path = Library;
			sourceTree = "<group>";
		};
/* End PBXGroup section */

/* Begin PBXNativeTarget section */
		070625C81CC4F03B00974AB4 /* Project */ = {
			isa = PBXNativeTarget;
			buildConfigurationList = 070625EB1CC4F03B00974AB4 /* Build configuration list for PBXNativeTarget "Project" */;
			buildPhases = (
				070625C51CC4F03B00974AB4 /* Sources */,
				070625C61CC4F03B00974AB4 /* Frameworks */,
				070625C71CC4F03B00974AB4 /* Resources */,
				07C31E601CC4F07400F77BED /* Embed Frameworks */,
			);
			buildRules = (
			);
			dependencies = (
			);
			name = Project;
			productName = Project;
			productReference = 070625C91CC4F03B00974AB4 /* Project.app */;
			productType = "com.apple.product-type.application";
		};
		070625E11CC4F03B00974AB4 /* ProjectTests */ = {
			isa = PBXNativeTarget;
			buildConfigurationList = 070625EE1CC4F03B00974AB4 /* Build configuration list for PBXNativeTarget "ProjectTests" */;
			buildPhases = (
				070625DE1CC4F03B00974AB4 /* Sources */,
				070625DF1CC4F03B00974AB4 /* Frameworks */,
				070625E01CC4F03B00974AB4 /* Resources */,
			);
			buildRules = (
			);
			dependencies = (
				070625E41CC4F03B00974AB4 /* PBXTargetDependency */,
			);
			name = ProjectTests;
			productName = ProjectTests;
			productReference = 070625E21CC4F03B00974AB4 /* ProjectTests.xctest */;
			productType = "com.apple.product-type.bundle.unit-test";
		};
/* End PBXNativeTarget section */

/* Begin PBXProject section */
		070625C11CC4F03B00974AB4 /* Project object */ = {
			isa = PBXProject;
			attributes = {
				LastUpgradeCheck = 0810;
				ORGANIZATIONNAME = Aviasales;
				TargetAttributes = {
					070625C81CC4F03B00974AB4 = {
						CreatedOnToolsVersion = 7.3;
						DevelopmentTeam = C92M3ZV55X;
					};
					070625E11CC4F03B00974AB4 = {
						CreatedOnToolsVersion = 7.3;
						TestTargetID = 070625C81CC4F03B00974AB4;
					};
				};
			};
			buildConfigurationList = 070625C41CC4F03B00974AB4 /* Build configuration list for PBXProject "Project" */;
			compatibilityVersion = "Xcode 3.2";
			developmentRegion = English;
			hasScannedForEncodings = 0;
			knownRegions = (
				en,
				Base,
				da,
				de,
				el,
				es,
				fi,
				fr,
				id,
				it,
				ja,
				ko,
				ms,
				nb,
				nl,
				pl,
				"pt-PT",
				pt,
				ru,
				sv,
				th,
				tr,
				vi,
				"zh-Hans",
				"zh-Hant",
			);
			mainGroup = 070625C01CC4F03B00974AB4;
			productRefGroup = 070625CA1CC4F03B00974AB4 /* Products */;
			projectDirPath = "";
			projectRoot = "";
			targets = (
				070625C81CC4F03B00974AB4 /* Project */,
				070625E11CC4F03B00974AB4 /* ProjectTests */,
			);
		};
/* End PBXProject section */

/* Begin PBXResourcesBuildPhase section */
		070625C71CC4F03B00974AB4 /* Resources */ = {
			isa = PBXResourcesBuildPhase;
			buildActionMask = 2147483647;
			files = (
				070625DC1CC4F03B00974AB4 /* LaunchScreen.storyboard in Resources */,
				070625D91CC4F03B00974AB4 /* Assets.xcassets in Resources */,
				071FD1291D9AADFE00FA1BFF /* all_currencies_rates.json in Resources */,
				070625D71CC4F03B00974AB4 /* Main.storyboard in Resources */,
				071FD12A1D9AADFE00FA1BFF /* airports.json in Resources */,
			);
			runOnlyForDeploymentPostprocessing = 0;
		};
		070625E01CC4F03B00974AB4 /* Resources */ = {
			isa = PBXResourcesBuildPhase;
			buildActionMask = 2147483647;
			files = (
			);
			runOnlyForDeploymentPostprocessing = 0;
		};
/* End PBXResourcesBuildPhase section */

/* Begin PBXSourcesBuildPhase section */
		070625C51CC4F03B00974AB4 /* Sources */ = {
			isa = PBXSourcesBuildPhase;
			buildActionMask = 2147483647;
			files = (
				070625D41CC4F03B00974AB4 /* ViewController.m in Sources */,
				070625D11CC4F03B00974AB4 /* AppDelegate.m in Sources */,
				070625CE1CC4F03B00974AB4 /* main.m in Sources */,
			);
			runOnlyForDeploymentPostprocessing = 0;
		};
		070625DE1CC4F03B00974AB4 /* Sources */ = {
			isa = PBXSourcesBuildPhase;
			buildActionMask = 2147483647;
			files = (
				070625E71CC4F03B00974AB4 /* ProjectTests.m in Sources */,
			);
			runOnlyForDeploymentPostprocessing = 0;
		};
/* End PBXSourcesBuildPhase section */

/* Begin PBXTargetDependency section */
		070625E41CC4F03B00974AB4 /* PBXTargetDependency */ = {
			isa = PBXTargetDependency;
			target = 070625C81CC4F03B00974AB4 /* Project */;
			targetProxy = 070625E31CC4F03B00974AB4 /* PBXContainerItemProxy */;
		};
/* End PBXTargetDependency section */

/* Begin PBXVariantGroup section */
		070625D51CC4F03B00974AB4 /* Main.storyboard */ = {
			isa = PBXVariantGroup;
			children = (
				070625D61CC4F03B00974AB4 /* Base */,
			);
			name = Main.storyboard;
			sourceTree = "<group>";
		};
		070625DA1CC4F03B00974AB4 /* LaunchScreen.storyboard */ = {
			isa = PBXVariantGroup;
			children = (
				070625DB1CC4F03B00974AB4 /* Base */,
			);
			name = LaunchScreen.storyboard;
			sourceTree = "<group>";
		};
		071FD0F71D9AADFE00FA1BFF /* airports.json */ = {
			isa = PBXVariantGroup;
			children = (
				071FD0F81D9AADFE00FA1BFF /* da */,
				071FD0FB1D9AADFE00FA1BFF /* de */,
				071FD0FD1D9AADFE00FA1BFF /* el */,
				071FD0FF1D9AADFE00FA1BFF /* en */,
				071FD1011D9AADFE00FA1BFF /* es */,
				071FD1031D9AADFE00FA1BFF /* fi */,
				071FD1051D9AADFE00FA1BFF /* fr */,
				071FD1071D9AADFE00FA1BFF /* id */,
				071FD1091D9AADFE00FA1BFF /* it */,
				071FD10B1D9AADFE00FA1BFF /* ja */,
				071FD10D1D9AADFE00FA1BFF /* ko */,
				071FD10F1D9AADFE00FA1BFF /* ms */,
				071FD1111D9AADFE00FA1BFF /* nb */,
				071FD1131D9AADFE00FA1BFF /* nl */,
				071FD1151D9AADFE00FA1BFF /* pl */,
				071FD1171D9AADFE00FA1BFF /* pt-PT */,
				071FD1191D9AADFE00FA1BFF /* pt */,
				071FD11B1D9AADFE00FA1BFF /* ru */,
				071FD11D1D9AADFE00FA1BFF /* sv */,
				071FD11F1D9AADFE00FA1BFF /* th */,
				071FD1211D9AADFE00FA1BFF /* tr */,
				071FD1231D9AADFE00FA1BFF /* vi */,
				071FD1251D9AADFE00FA1BFF /* zh-Hans */,
				071FD1271D9AADFE00FA1BFF /* zh-Hant */,
			);
			name = airports.json;
			sourceTree = "<group>";
		};
/* End PBXVariantGroup section */

/* Begin XCBuildConfiguration section */
		070625E91CC4F03B00974AB4 /* Debug */ = {
			isa = XCBuildConfiguration;
			buildSettings = {
				ALWAYS_SEARCH_USER_PATHS = NO;
				CLANG_ANALYZER_LOCALIZABILITY_NONLOCALIZED = YES;
				CLANG_ANALYZER_NONNULL = YES;
				CLANG_CXX_LANGUAGE_STANDARD = "gnu++0x";
				CLANG_CXX_LIBRARY = "libc++";
				CLANG_ENABLE_MODULES = YES;
				CLANG_ENABLE_OBJC_ARC = YES;
				CLANG_WARN_BOOL_CONVERSION = YES;
				CLANG_WARN_CONSTANT_CONVERSION = YES;
				CLANG_WARN_DIRECT_OBJC_ISA_USAGE = YES_ERROR;
				CLANG_WARN_EMPTY_BODY = YES;
				CLANG_WARN_ENUM_CONVERSION = YES;
				CLANG_WARN_INFINITE_RECURSION = YES;
				CLANG_WARN_INT_CONVERSION = YES;
				CLANG_WARN_OBJC_ROOT_CLASS = YES_ERROR;
				CLANG_WARN_SUSPICIOUS_MOVE = YES;
				CLANG_WARN_UNREACHABLE_CODE = YES;
				CLANG_WARN__DUPLICATE_METHOD_MATCH = YES;
				"CODE_SIGN_IDENTITY[sdk=iphoneos*]" = "iPhone Developer";
				COPY_PHASE_STRIP = NO;
				DEBUG_INFORMATION_FORMAT = dwarf;
				ENABLE_STRICT_OBJC_MSGSEND = YES;
				ENABLE_TESTABILITY = YES;
				GCC_C_LANGUAGE_STANDARD = gnu99;
				GCC_DYNAMIC_NO_PIC = NO;
				GCC_NO_COMMON_BLOCKS = YES;
				GCC_OPTIMIZATION_LEVEL = 0;
				GCC_PREPROCESSOR_DEFINITIONS = (
					"DEBUG=1",
					"$(inherited)",
				);
				GCC_WARN_64_TO_32_BIT_CONVERSION = YES;
				GCC_WARN_ABOUT_RETURN_TYPE = YES_ERROR;
				GCC_WARN_UNDECLARED_SELECTOR = YES;
				GCC_WARN_UNINITIALIZED_AUTOS = YES_AGGRESSIVE;
				GCC_WARN_UNUSED_FUNCTION = YES;
				GCC_WARN_UNUSED_VARIABLE = YES;
				IPHONEOS_DEPLOYMENT_TARGET = 9.3;
				MTL_ENABLE_DEBUG_INFO = YES;
				ONLY_ACTIVE_ARCH = YES;
				SDKROOT = iphoneos;
			};
			name = Debug;
		};
		070625EA1CC4F03B00974AB4 /* Release */ = {
			isa = XCBuildConfiguration;
			buildSettings = {
				ALWAYS_SEARCH_USER_PATHS = NO;
				CLANG_ANALYZER_LOCALIZABILITY_NONLOCALIZED = YES;
				CLANG_ANALYZER_NONNULL = YES;
				CLANG_CXX_LANGUAGE_STANDARD = "gnu++0x";
				CLANG_CXX_LIBRARY = "libc++";
				CLANG_ENABLE_MODULES = YES;
				CLANG_ENABLE_OBJC_ARC = YES;
				CLANG_WARN_BOOL_CONVERSION = YES;
				CLANG_WARN_CONSTANT_CONVERSION = YES;
				CLANG_WARN_DIRECT_OBJC_ISA_USAGE = YES_ERROR;
				CLANG_WARN_EMPTY_BODY = YES;
				CLANG_WARN_ENUM_CONVERSION = YES;
				CLANG_WARN_INFINITE_RECURSION = YES;
				CLANG_WARN_INT_CONVERSION = YES;
				CLANG_WARN_OBJC_ROOT_CLASS = YES_ERROR;
				CLANG_WARN_SUSPICIOUS_MOVE = YES;
				CLANG_WARN_UNREACHABLE_CODE = YES;
				CLANG_WARN__DUPLICATE_METHOD_MATCH = YES;
				"CODE_SIGN_IDENTITY[sdk=iphoneos*]" = "iPhone Developer";
				COPY_PHASE_STRIP = NO;
				DEBUG_INFORMATION_FORMAT = "dwarf-with-dsym";
				ENABLE_NS_ASSERTIONS = NO;
				ENABLE_STRICT_OBJC_MSGSEND = YES;
				GCC_C_LANGUAGE_STANDARD = gnu99;
				GCC_NO_COMMON_BLOCKS = YES;
				GCC_WARN_64_TO_32_BIT_CONVERSION = YES;
				GCC_WARN_ABOUT_RETURN_TYPE = YES_ERROR;
				GCC_WARN_UNDECLARED_SELECTOR = YES;
				GCC_WARN_UNINITIALIZED_AUTOS = YES_AGGRESSIVE;
				GCC_WARN_UNUSED_FUNCTION = YES;
				GCC_WARN_UNUSED_VARIABLE = YES;
				IPHONEOS_DEPLOYMENT_TARGET = 9.3;
				MTL_ENABLE_DEBUG_INFO = NO;
				SDKROOT = iphoneos;
				VALIDATE_PRODUCT = YES;
			};
			name = Release;
		};
		070625EC1CC4F03B00974AB4 /* Debug */ = {
			isa = XCBuildConfiguration;
			buildSettings = {
				ASSETCATALOG_COMPILER_APPICON_NAME = AppIcon;
				DEVELOPMENT_TEAM = C92M3ZV55X;
				ENABLE_BITCODE = NO;
				FRAMEWORK_SEARCH_PATHS = (
					"$(inherited)",
					"$(PROJECT_DIR)$(LOCAL_LIBRARY_DIR)",
				);
				INFOPLIST_FILE = Project/Info.plist;
				IPHONEOS_DEPLOYMENT_TARGET = 9.0;
				LD_RUNPATH_SEARCH_PATHS = "$(inherited) @executable_path/Frameworks";
				PRODUCT_BUNDLE_IDENTIFIER = Aviasales.Project;
				PRODUCT_NAME = "$(TARGET_NAME)";
			};
			name = Debug;
		};
		070625ED1CC4F03B00974AB4 /* Release */ = {
			isa = XCBuildConfiguration;
			buildSettings = {
				ASSETCATALOG_COMPILER_APPICON_NAME = AppIcon;
				DEVELOPMENT_TEAM = C92M3ZV55X;
				ENABLE_BITCODE = NO;
				FRAMEWORK_SEARCH_PATHS = (
					"$(inherited)",
					"$(PROJECT_DIR)$(LOCAL_LIBRARY_DIR)",
				);
				INFOPLIST_FILE = Project/Info.plist;
				IPHONEOS_DEPLOYMENT_TARGET = 9.0;
				LD_RUNPATH_SEARCH_PATHS = "$(inherited) @executable_path/Frameworks";
				PRODUCT_BUNDLE_IDENTIFIER = Aviasales.Project;
				PRODUCT_NAME = "$(TARGET_NAME)";
			};
			name = Release;
		};
		070625EF1CC4F03B00974AB4 /* Debug */ = {
			isa = XCBuildConfiguration;
			buildSettings = {
				BUNDLE_LOADER = "$(TEST_HOST)";
				INFOPLIST_FILE = ProjectTests/Info.plist;
				LD_RUNPATH_SEARCH_PATHS = "$(inherited) @executable_path/Frameworks @loader_path/Frameworks";
				PRODUCT_BUNDLE_IDENTIFIER = Aviasales.ProjectTests;
				PRODUCT_NAME = "$(TARGET_NAME)";
				TEST_HOST = "$(BUILT_PRODUCTS_DIR)/Project.app/Project";
			};
			name = Debug;
		};
		070625F01CC4F03B00974AB4 /* Release */ = {
			isa = XCBuildConfiguration;
			buildSettings = {
				BUNDLE_LOADER = "$(TEST_HOST)";
				INFOPLIST_FILE = ProjectTests/Info.plist;
				LD_RUNPATH_SEARCH_PATHS = "$(inherited) @executable_path/Frameworks @loader_path/Frameworks";
				PRODUCT_BUNDLE_IDENTIFIER = Aviasales.ProjectTests;
				PRODUCT_NAME = "$(TARGET_NAME)";
				TEST_HOST = "$(BUILT_PRODUCTS_DIR)/Project.app/Project";
			};
			name = Release;
		};
/* End XCBuildConfiguration section */

/* Begin XCConfigurationList section */
		070625C41CC4F03B00974AB4 /* Build configuration list for PBXProject "Project" */ = {
			isa = XCConfigurationList;
			buildConfigurations = (
				070625E91CC4F03B00974AB4 /* Debug */,
				070625EA1CC4F03B00974AB4 /* Release */,
			);
			defaultConfigurationIsVisible = 0;
			defaultConfigurationName = Release;
		};
		070625EB1CC4F03B00974AB4 /* Build configuration list for PBXNativeTarget "Project" */ = {
			isa = XCConfigurationList;
			buildConfigurations = (
				070625EC1CC4F03B00974AB4 /* Debug */,
				070625ED1CC4F03B00974AB4 /* Release */,
			);
			defaultConfigurationIsVisible = 0;
			defaultConfigurationName = Release;
		};
		070625EE1CC4F03B00974AB4 /* Build configuration list for PBXNativeTarget "ProjectTests" */ = {
			isa = XCConfigurationList;
			buildConfigurations = (
				070625EF1CC4F03B00974AB4 /* Debug */,
				070625F01CC4F03B00974AB4 /* Release */,
			);
			defaultConfigurationIsVisible = 0;
			defaultConfigurationName = Release;
		};
/* End XCConfigurationList section */
	};
	rootObject = 070625C11CC4F03B00974AB4 /* Project object */;
}
